
Microsoft Visual Studio Solution File, Format Version 12.00
# Visual Studio 2013
VisualStudioVersion = 12.0.21005.1
MinimumVisualStudioVersion = 10.0.40219.1
Project("{FAE04EC0-301F-11D3-BF4B-00C04F79EFBC}") = "AshGrayWorks.Notepad.TestSuite", "AshGrayWorks.Notepad.TestSuite\AshGrayWorks.Notepad.TestSuite.csproj", "{0C1D2215-9670-4F27-8E19-D18839F2EAAC}"
EndProject
Project("{2150E333-8FDC-42A3-9474-1A3956D46DE8}") = ".nuget", ".nuget", "{7A014221-AB31-4582-B712-530F19336DD7}"
	ProjectSection(SolutionItems) = preProject
		.nuget\NuGet.Config = .nuget\NuGet.Config
		.nuget\NuGet.exe = .nuget\NuGet.exe
		.nuget\NuGet.targets = .nuget\NuGet.targets
	EndProjectSection
EndProject
Project("{FAE04EC0-301F-11D3-BF4B-00C04F79EFBC}") = "AshGrayWorks.UiTests.Base", "AshGrayWorks.UiTests.Base\AshGrayWorks.UiTests.Base.csproj", "{53DFB433-FED1-4EF2-A410-BBB9D31590A0}"
EndProject
Project("{FAE04EC0-301F-11D3-BF4B-00C04F79EFBC}") = "AshGrayWorks.Notepad.TestFixture", "AshGrayWorks.Notepad.TestFixture\AshGrayWorks.Notepad.TestFixture.csproj", "{B1ED0AC0-BE6F-4EA6-9E5D-D79708AF2514}"
EndProject
Global
	GlobalSection(SolutionConfigurationPlatforms) = preSolution
		Debug|Any CPU = Debug|Any CPU
		Release|Any CPU = Release|Any CPU
	EndGlobalSection
	GlobalSection(ProjectConfigurationPlatforms) = postSolution
		{0C1D2215-9670-4F27-8E19-D18839F2EAAC}.Debug|Any CPU.ActiveCfg = Debug|Any CPU
		{0C1D2215-9670-4F27-8E19-D18839F2EAAC}.Debug|Any CPU.Build.0 = Debug|Any CPU
		{0C1D2215-9670-4F27-8E19-D18839F2EAAC}.Release|Any CPU.ActiveCfg = Release|Any CPU
		{0C1D2215-9670-4F27-8E19-D18839F2EAAC}.Release|Any CPU.Build.0 = Release|Any CPU
		{53DFB433-FED1-4EF2-A410-BBB9D31590A0}.Debug|Any CPU.ActiveCfg = Debug|Any CPU
		{53DFB433-FED1-4EF2-A410-BBB9D31590A0}.Debug|Any CPU.Build.0 = Debug|Any CPU
		{53DFB433-FED1-4EF2-A410-BBB9D31590A0}.Release|Any CPU.ActiveCfg = Release|Any CPU
		{53DFB433-FED1-4EF2-A410-BBB9D31590A0}.Release|Any CPU.Build.0 = Release|Any CPU
		{B1ED0AC0-BE6F-4EA6-9E5D-D79708AF2514}.Debug|Any CPU.ActiveCfg = Debug|Any CPU
		{B1ED0AC0-BE6F-4EA6-9E5D-D79708AF2514}.Debug|Any CPU.Build.0 = Debug|Any CPU
		{B1ED0AC0-BE6F-4EA6-9E5D-D79708AF2514}.Release|Any CPU.ActiveCfg = Release|Any CPU
		{B1ED0AC0-BE6F-4EA6-9E5D-D79708AF2514}.Release|Any CPU.Build.0 = Release|Any CPU
	EndGlobalSection
	GlobalSection(SolutionProperties) = preSolution
		HideSolutionNode = FALSE
	EndGlobalSection
EndGlobal
